// !$*UTF8*$!
{
	archiveVersion = 1;
	classes = {
	};
	objectVersion = 56;
	objects = {

/* Begin PBXBuildFile section */
		831BFD5C2C6DF03B005533E7 /* AppDelegate.swift in Sources */ = {isa = PBXBuildFile; fileRef = 831BFD5B2C6DF03A005533E7 /* AppDelegate.swift */; };
		831BFD5E2C6DF03B005533E7 /* SceneDelegate.swift in Sources */ = {isa = PBXBuildFile; fileRef = 831BFD5D2C6DF03B005533E7 /* SceneDelegate.swift */; };
		831BFD602C6DF03B005533E7 /* ViewController.swift in Sources */ = {isa = PBXBuildFile; fileRef = 831BFD5F2C6DF03B005533E7 /* ViewController.swift */; };
		831BFD632C6DF03B005533E7 /* Base in Resources */ = {isa = PBXBuildFile; fileRef = 831BFD622C6DF03B005533E7 /* Base */; };
		831BFD652C6DF03D005533E7 /* Assets.xcassets in Resources */ = {isa = PBXBuildFile; fileRef = 831BFD642C6DF03D005533E7 /* Assets.xcassets */; };
		831BFD682C6DF03D005533E7 /* Base in Resources */ = {isa = PBXBuildFile; fileRef = 831BFD672C6DF03D005533E7 /* Base */; };
		831BFD7D2C6DF579005533E7 /* IndicatorTableViewCell.swift in Sources */ = {isa = PBXBuildFile; fileRef = 831BFD7B2C6DF579005533E7 /* IndicatorTableViewCell.swift */; };
		831BFD7E2C6DF579005533E7 /* IndicatorTableViewCell.xib in Resources */ = {isa = PBXBuildFile; fileRef = 831BFD7C2C6DF579005533E7 /* IndicatorTableViewCell.xib */; };
		831BFD872C6DF710005533E7 /* SwitchTableViewCell.swift in Sources */ = {isa = PBXBuildFile; fileRef = 831BFD852C6DF710005533E7 /* SwitchTableViewCell.swift */; };
		831BFD882C6DF710005533E7 /* SwitchTableViewCell.xib in Resources */ = {isa = PBXBuildFile; fileRef = 831BFD862C6DF710005533E7 /* SwitchTableViewCell.xib */; };
		831BFD8C2C6DF757005533E7 /* DetailTableViewCell.swift in Sources */ = {isa = PBXBuildFile; fileRef = 831BFD8A2C6DF757005533E7 /* DetailTableViewCell.swift */; };
		831BFD8D2C6DF757005533E7 /* DetailTableViewCell.xib in Resources */ = {isa = PBXBuildFile; fileRef = 831BFD8B2C6DF757005533E7 /* DetailTableViewCell.xib */; };
		831BFD902C6E0223005533E7 /* StandardTableViewCell.swift in Sources */ = {isa = PBXBuildFile; fileRef = 831BFD8E2C6E0223005533E7 /* StandardTableViewCell.swift */; };
		831BFD912C6E0223005533E7 /* StandardTableViewCell.xib in Resources */ = {isa = PBXBuildFile; fileRef = 831BFD8F2C6E0223005533E7 /* StandardTableViewCell.xib */; };
		83A185622C6E4471005914A6 /* ContentTBVModels.swift in Sources */ = {isa = PBXBuildFile; fileRef = 83A185612C6E4471005914A6 /* ContentTBVModels.swift */; };
		83A185642C6E4480005914A6 /* ContentTBVViewModel.swift in Sources */ = {isa = PBXBuildFile; fileRef = 83A185632C6E4480005914A6 /* ContentTBVViewModel.swift */; };
		83A185662C6EE82D005914A6 /* TableViewInfoTier.swift in Sources */ = {isa = PBXBuildFile; fileRef = 83A185652C6EE82D005914A6 /* TableViewInfoTier.swift */; };
		83A185682C6EF481005914A6 /* Create Json File.swift in Sources */ = {isa = PBXBuildFile; fileRef = 83A185672C6EF481005914A6 /* Create Json File.swift */; };
		83A1856A2C6EFCF5005914A6 /* AccountPage.json in Resources */ = {isa = PBXBuildFile; fileRef = 83A185692C6EFCF5005914A6 /* AccountPage.json */; };
		83A1856F2C6F02C5005914A6 /* SwitchViewModel.swift in Sources */ = {isa = PBXBuildFile; fileRef = 83A1856E2C6F02C5005914A6 /* SwitchViewModel.swift */; };
/* End PBXBuildFile section */

/* Begin PBXFileReference section */
		831BFD582C6DF03A005533E7 /* Standard Form TableView.app */ = {isa = PBXFileReference; explicitFileType = wrapper.application; includeInIndex = 0; path = "Standard Form TableView.app"; sourceTree = BUILT_PRODUCTS_DIR; };
		831BFD5B2C6DF03A005533E7 /* AppDelegate.swift */ = {isa = PBXFileReference; lastKnownFileType = sourcecode.swift; path = AppDelegate.swift; sourceTree = "<group>"; };
		831BFD5D2C6DF03B005533E7 /* SceneDelegate.swift */ = {isa = PBXFileReference; lastKnownFileType = sourcecode.swift; path = SceneDelegate.swift; sourceTree = "<group>"; };
		831BFD5F2C6DF03B005533E7 /* ViewController.swift */ = {isa = PBXFileReference; lastKnownFileType = sourcecode.swift; path = ViewController.swift; sourceTree = "<group>"; };
		831BFD622C6DF03B005533E7 /* Base */ = {isa = PBXFileReference; lastKnownFileType = file.storyboard; name = Base; path = Base.lproj/Main.storyboard; sourceTree = "<group>"; };
		831BFD642C6DF03D005533E7 /* Assets.xcassets */ = {isa = PBXFileReference; lastKnownFileType = folder.assetcatalog; path = Assets.xcassets; sourceTree = "<group>"; };
		831BFD672C6DF03D005533E7 /* Base */ = {isa = PBXFileReference; lastKnownFileType = file.storyboard; name = Base; path = Base.lproj/LaunchScreen.storyboard; sourceTree = "<group>"; };
		831BFD692C6DF03D005533E7 /* Info.plist */ = {isa = PBXFileReference; lastKnownFileType = text.plist.xml; path = Info.plist; sourceTree = "<group>"; };
		831BFD7B2C6DF579005533E7 /* IndicatorTableViewCell.swift */ = {isa = PBXFileReference; lastKnownFileType = sourcecode.swift; path = IndicatorTableViewCell.swift; sourceTree = "<group>"; };
		831BFD7C2C6DF579005533E7 /* IndicatorTableViewCell.xib */ = {isa = PBXFileReference; lastKnownFileType = file.xib; path = IndicatorTableViewCell.xib; sourceTree = "<group>"; };
		831BFD852C6DF710005533E7 /* SwitchTableViewCell.swift */ = {isa = PBXFileReference; lastKnownFileType = sourcecode.swift; path = SwitchTableViewCell.swift; sourceTree = "<group>"; };
		831BFD862C6DF710005533E7 /* SwitchTableViewCell.xib */ = {isa = PBXFileReference; lastKnownFileType = file.xib; path = SwitchTableViewCell.xib; sourceTree = "<group>"; };
		831BFD8A2C6DF757005533E7 /* DetailTableViewCell.swift */ = {isa = PBXFileReference; lastKnownFileType = sourcecode.swift; path = DetailTableViewCell.swift; sourceTree = "<group>"; };
		831BFD8B2C6DF757005533E7 /* DetailTableViewCell.xib */ = {isa = PBXFileReference; lastKnownFileType = file.xib; path = DetailTableViewCell.xib; sourceTree = "<group>"; };
		831BFD8E2C6E0223005533E7 /* StandardTableViewCell.swift */ = {isa = PBXFileReference; lastKnownFileType = sourcecode.swift; path = StandardTableViewCell.swift; sourceTree = "<group>"; };
		831BFD8F2C6E0223005533E7 /* StandardTableViewCell.xib */ = {isa = PBXFileReference; lastKnownFileType = file.xib; path = StandardTableViewCell.xib; sourceTree = "<group>"; };
		83A185612C6E4471005914A6 /* ContentTBVModels.swift */ = {isa = PBXFileReference; lastKnownFileType = sourcecode.swift; path = ContentTBVModels.swift; sourceTree = "<group>"; };
		83A185632C6E4480005914A6 /* ContentTBVViewModel.swift */ = {isa = PBXFileReference; lastKnownFileType = sourcecode.swift; path = ContentTBVViewModel.swift; sourceTree = "<group>"; };
		83A185652C6EE82D005914A6 /* TableViewInfoTier.swift */ = {isa = PBXFileReference; lastKnownFileType = sourcecode.swift; path = TableViewInfoTier.swift; sourceTree = "<group>"; };
		83A185672C6EF481005914A6 /* Create Json File.swift */ = {isa = PBXFileReference; lastKnownFileType = sourcecode.swift; path = "Create Json File.swift"; sourceTree = "<group>"; };
		83A185692C6EFCF5005914A6 /* AccountPage.json */ = {isa = PBXFileReference; fileEncoding = 4; lastKnownFileType = text.json; path = AccountPage.json; sourceTree = "<group>"; };
		83A1856E2C6F02C5005914A6 /* SwitchViewModel.swift */ = {isa = PBXFileReference; lastKnownFileType = sourcecode.swift; path = SwitchViewModel.swift; sourceTree = "<group>"; };
/* End PBXFileReference section */

/* Begin PBXFrameworksBuildPhase section */
		831BFD552C6DF03A005533E7 /* Frameworks */ = {
			isa = PBXFrameworksBuildPhase;
			buildActionMask = 2147483647;
			files = (
			);
			runOnlyForDeploymentPostprocessing = 0;
		};
/* End PBXFrameworksBuildPhase section */

/* Begin PBXGroup section */
		831BFD4F2C6DF03A005533E7 = {
			isa = PBXGroup;
			children = (
				831BFD5A2C6DF03A005533E7 /* Standard Form TableView */,
				831BFD592C6DF03A005533E7 /* Products */,
			);
			sourceTree = "<group>";
		};
		831BFD592C6DF03A005533E7 /* Products */ = {
			isa = PBXGroup;
			children = (
				831BFD582C6DF03A005533E7 /* Standard Form TableView.app */,
			);
			name = Products;
			sourceTree = "<group>";
		};
		831BFD5A2C6DF03A005533E7 /* Standard Form TableView */ = {
			isa = PBXGroup;
			children = (
				831BFD6F2C6DF05F005533E7 /* AppDelegate */,
				831BFD702C6DF069005533E7 /* Resource */,
				831BFD712C6DF07C005533E7 /* Source */,
				831BFD692C6DF03D005533E7 /* Info.plist */,
			);
			path = "Standard Form TableView";
			sourceTree = "<group>";
		};
		831BFD6F2C6DF05F005533E7 /* AppDelegate */ = {
			isa = PBXGroup;
			children = (
				831BFD5B2C6DF03A005533E7 /* AppDelegate.swift */,
				831BFD5D2C6DF03B005533E7 /* SceneDelegate.swift */,
			);
			path = AppDelegate;
			sourceTree = "<group>";
		};
		831BFD702C6DF069005533E7 /* Resource */ = {
			isa = PBXGroup;
			children = (
				831BFD792C6DF0F8005533E7 /* Storyboard */,
				831BFD722C6DF089005533E7 /* Assets */,
				831BFD732C6DF094005533E7 /* JsonFiles */,
			);
			path = Resource;
			sourceTree = "<group>";
		};
		831BFD712C6DF07C005533E7 /* Source */ = {
			isa = PBXGroup;
			children = (
				831BFD742C6DF0A4005533E7 /* Utils */,
				831BFD752C6DF0A9005533E7 /* Managers */,
				831BFD772C6DF0BF005533E7 /* Models */,
				831BFD762C6DF0B2005533E7 /* Views */,
				831BFD782C6DF0CA005533E7 /* ViewModels */,
			);
			path = Source;
			sourceTree = "<group>";
		};
		831BFD722C6DF089005533E7 /* Assets */ = {
			isa = PBXGroup;
			children = (
				831BFD642C6DF03D005533E7 /* Assets.xcassets */,
			);
			path = Assets;
			sourceTree = "<group>";
		};
		831BFD732C6DF094005533E7 /* JsonFiles */ = {
			isa = PBXGroup;
			children = (
				83A185692C6EFCF5005914A6 /* AccountPage.json */,
			);
			path = JsonFiles;
			sourceTree = "<group>";
		};
		831BFD742C6DF0A4005533E7 /* Utils */ = {
			isa = PBXGroup;
			children = (
				83A185652C6EE82D005914A6 /* TableViewInfoTier.swift */,
				83A185672C6EF481005914A6 /* Create Json File.swift */,
			);
			path = Utils;
			sourceTree = "<group>";
		};
		831BFD752C6DF0A9005533E7 /* Managers */ = {
			isa = PBXGroup;
			children = (
			);
			path = Managers;
			sourceTree = "<group>";
		};
		831BFD762C6DF0B2005533E7 /* Views */ = {
			isa = PBXGroup;
			children = (
				831BFD5F2C6DF03B005533E7 /* ViewController.swift */,
				831BFD7F2C6DF6E3005533E7 /* StandardCells */,
				831BFD842C6DF6FA005533E7 /* SwitchCells */,
				831BFD7A2C6DF556005533E7 /* IndicatorCells */,
				831BFD892C6DF726005533E7 /* DetailCells */,
			);
			path = Views;
			sourceTree = "<group>";
		};
		831BFD772C6DF0BF005533E7 /* Models */ = {
			isa = PBXGroup;
			children = (
				83A185612C6E4471005914A6 /* ContentTBVModels.swift */,
			);
			path = Models;
			sourceTree = "<group>";
		};
		831BFD782C6DF0CA005533E7 /* ViewModels */ = {
			isa = PBXGroup;
			children = (
				83A1856D2C6F02AE005914A6 /* SwitchViewModel */,
				83A185632C6E4480005914A6 /* ContentTBVViewModel.swift */,
			);
			path = ViewModels;
			sourceTree = "<group>";
		};
		831BFD792C6DF0F8005533E7 /* Storyboard */ = {
			isa = PBXGroup;
			children = (
				831BFD612C6DF03B005533E7 /* Main.storyboard */,
				831BFD662C6DF03D005533E7 /* LaunchScreen.storyboard */,
			);
			path = Storyboard;
			sourceTree = "<group>";
		};
		831BFD7A2C6DF556005533E7 /* IndicatorCells */ = {
			isa = PBXGroup;
			children = (
				831BFD7B2C6DF579005533E7 /* IndicatorTableViewCell.swift */,
				831BFD7C2C6DF579005533E7 /* IndicatorTableViewCell.xib */,
			);
			path = IndicatorCells;
			sourceTree = "<group>";
		};
		831BFD7F2C6DF6E3005533E7 /* StandardCells */ = {
			isa = PBXGroup;
			children = (
				831BFD8E2C6E0223005533E7 /* StandardTableViewCell.swift */,
				831BFD8F2C6E0223005533E7 /* StandardTableViewCell.xib */,
			);
			path = StandardCells;
			sourceTree = "<group>";
		};
		831BFD842C6DF6FA005533E7 /* SwitchCells */ = {
			isa = PBXGroup;
			children = (
				831BFD852C6DF710005533E7 /* SwitchTableViewCell.swift */,
				831BFD862C6DF710005533E7 /* SwitchTableViewCell.xib */,
			);
			path = SwitchCells;
			sourceTree = "<group>";
		};
		831BFD892C6DF726005533E7 /* DetailCells */ = {
			isa = PBXGroup;
			children = (
				831BFD8A2C6DF757005533E7 /* DetailTableViewCell.swift */,
				831BFD8B2C6DF757005533E7 /* DetailTableViewCell.xib */,
			);
			path = DetailCells;
			sourceTree = "<group>";
		};
		83A1856D2C6F02AE005914A6 /* SwitchViewModel */ = {
			isa = PBXGroup;
			children = (
				83A1856E2C6F02C5005914A6 /* SwitchViewModel.swift */,
			);
			path = SwitchViewModel;
			sourceTree = "<group>";
		};
/* End PBXGroup section */

/* Begin PBXNativeTarget section */
		831BFD572C6DF03A005533E7 /* Standard Form TableView */ = {
			isa = PBXNativeTarget;
			buildConfigurationList = 831BFD6C2C6DF03D005533E7 /* Build configuration list for PBXNativeTarget "Standard Form TableView" */;
			buildPhases = (
				831BFD542C6DF03A005533E7 /* Sources */,
				831BFD552C6DF03A005533E7 /* Frameworks */,
				831BFD562C6DF03A005533E7 /* Resources */,
			);
			buildRules = (
			);
			dependencies = (
			);
			name = "Standard Form TableView";
			productName = "Standard Form TableView";
			productReference = 831BFD582C6DF03A005533E7 /* Standard Form TableView.app */;
			productType = "com.apple.product-type.application";
		};
/* End PBXNativeTarget section */

/* Begin PBXProject section */
		831BFD502C6DF03A005533E7 /* Project object */ = {
			isa = PBXProject;
			attributes = {
				BuildIndependentTargetsInParallel = 1;
				LastSwiftUpdateCheck = 1540;
				LastUpgradeCheck = 1540;
				TargetAttributes = {
					831BFD572C6DF03A005533E7 = {
						CreatedOnToolsVersion = 15.4;
					};
				};
			};
			buildConfigurationList = 831BFD532C6DF03A005533E7 /* Build configuration list for PBXProject "Standard Form TableView" */;
			compatibilityVersion = "Xcode 14.0";
			developmentRegion = en;
			hasScannedForEncodings = 0;
			knownRegions = (
				en,
				Base,
			);
			mainGroup = 831BFD4F2C6DF03A005533E7;
			productRefGroup = 831BFD592C6DF03A005533E7 /* Products */;
			projectDirPath = "";
			projectRoot = "";
			targets = (
				831BFD572C6DF03A005533E7 /* Standard Form TableView */,
			);
		};
/* End PBXProject section */

/* Begin PBXResourcesBuildPhase section */
		831BFD562C6DF03A005533E7 /* Resources */ = {
			isa = PBXResourcesBuildPhase;
			buildActionMask = 2147483647;
			files = (
				831BFD652C6DF03D005533E7 /* Assets.xcassets in Resources */,
				831BFD682C6DF03D005533E7 /* Base in Resources */,
				83A1856A2C6EFCF5005914A6 /* AccountPage.json in Resources */,
				831BFD882C6DF710005533E7 /* SwitchTableViewCell.xib in Resources */,
				831BFD912C6E0223005533E7 /* StandardTableViewCell.xib in Resources */,
				831BFD632C6DF03B005533E7 /* Base in Resources */,
				831BFD8D2C6DF757005533E7 /* DetailTableViewCell.xib in Resources */,
				831BFD7E2C6DF579005533E7 /* IndicatorTableViewCell.xib in Resources */,
			);
			runOnlyForDeploymentPostprocessing = 0;
		};
/* End PBXResourcesBuildPhase section */

/* Begin PBXSourcesBuildPhase section */
		831BFD542C6DF03A005533E7 /* Sources */ = {
			isa = PBXSourcesBuildPhase;
			buildActionMask = 2147483647;
			files = (
				831BFD602C6DF03B005533E7 /* ViewController.swift in Sources */,
				83A185682C6EF481005914A6 /* Create Json File.swift in Sources */,
				83A1856F2C6F02C5005914A6 /* SwitchViewModel.swift in Sources */,
				83A185642C6E4480005914A6 /* ContentTBVViewModel.swift in Sources */,
				831BFD902C6E0223005533E7 /* StandardTableViewCell.swift in Sources */,
				831BFD8C2C6DF757005533E7 /* DetailTableViewCell.swift in Sources */,
				831BFD5C2C6DF03B005533E7 /* AppDelegate.swift in Sources */,
				83A185622C6E4471005914A6 /* ContentTBVModels.swift in Sources */,
				831BFD5E2C6DF03B005533E7 /* SceneDelegate.swift in Sources */,
				83A185662C6EE82D005914A6 /* TableViewInfoTier.swift in Sources */,
				831BFD7D2C6DF579005533E7 /* IndicatorTableViewCell.swift in Sources */,
				831BFD872C6DF710005533E7 /* SwitchTableViewCell.swift in Sources */,
			);
			runOnlyForDeploymentPostprocessing = 0;
		};
/* End PBXSourcesBuildPhase section */

/* Begin PBXVariantGroup section */
		831BFD612C6DF03B005533E7 /* Main.storyboard */ = {
			isa = PBXVariantGroup;
			children = (
				831BFD622C6DF03B005533E7 /* Base */,
			);
			name = Main.storyboard;
			sourceTree = "<group>";
		};
		831BFD662C6DF03D005533E7 /* LaunchScreen.storyboard */ = {
			isa = PBXVariantGroup;
			children = (
				831BFD672C6DF03D005533E7 /* Base */,
			);
			name = LaunchScreen.storyboard;
			sourceTree = "<group>";
		};
/* End PBXVariantGroup section */

/* Begin XCBuildConfiguration section */
		831BFD6A2C6DF03D005533E7 /* Debug */ = {
			isa = XCBuildConfiguration;
			buildSettings = {
				ALWAYS_SEARCH_USER_PATHS = NO;
				ASSETCATALOG_COMPILER_GENERATE_SWIFT_ASSET_SYMBOL_EXTENSIONS = YES;
				CLANG_ANALYZER_NONNULL = YES;
				CLANG_ANALYZER_NUMBER_OBJECT_CONVERSION = YES_AGGRESSIVE;
				CLANG_CXX_LANGUAGE_STANDARD = "gnu++20";
				CLANG_ENABLE_MODULES = YES;
				CLANG_ENABLE_OBJC_ARC = YES;
				CLANG_ENABLE_OBJC_WEAK = YES;
				CLANG_WARN_BLOCK_CAPTURE_AUTORELEASING = YES;
				CLANG_WARN_BOOL_CONVERSION = YES;
				CLANG_WARN_COMMA = YES;
				CLANG_WARN_CONSTANT_CONVERSION = YES;
				CLANG_WARN_DEPRECATED_OBJC_IMPLEMENTATIONS = YES;
				CLANG_WARN_DIRECT_OBJC_ISA_USAGE = YES_ERROR;
				CLANG_WARN_DOCUMENTATION_COMMENTS = YES;
				CLANG_WARN_EMPTY_BODY = YES;
				CLANG_WARN_ENUM_CONVERSION = YES;
				CLANG_WARN_INFINITE_RECURSION = YES;
				CLANG_WARN_INT_CONVERSION = YES;
				CLANG_WARN_NON_LITERAL_NULL_CONVERSION = YES;
				CLANG_WARN_OBJC_IMPLICIT_RETAIN_SELF = YES;
				CLANG_WARN_OBJC_LITERAL_CONVERSION = YES;
				CLANG_WARN_OBJC_ROOT_CLASS = YES_ERROR;
				CLANG_WARN_QUOTED_INCLUDE_IN_FRAMEWORK_HEADER = YES;
				CLANG_WARN_RANGE_LOOP_ANALYSIS = YES;
				CLANG_WARN_STRICT_PROTOTYPES = YES;
				CLANG_WARN_SUSPICIOUS_MOVE = YES;
				CLANG_WARN_UNGUARDED_AVAILABILITY = YES_AGGRESSIVE;
				CLANG_WARN_UNREACHABLE_CODE = YES;
				CLANG_WARN__DUPLICATE_METHOD_MATCH = YES;
				COPY_PHASE_STRIP = NO;
				DEBUG_INFORMATION_FORMAT = dwarf;
				ENABLE_STRICT_OBJC_MSGSEND = YES;
				ENABLE_TESTABILITY = YES;
				ENABLE_USER_SCRIPT_SANDBOXING = YES;
				GCC_C_LANGUAGE_STANDARD = gnu17;
				GCC_DYNAMIC_NO_PIC = NO;
				GCC_NO_COMMON_BLOCKS = YES;
				GCC_OPTIMIZATION_LEVEL = 0;
				GCC_PREPROCESSOR_DEFINITIONS = (
					"DEBUG=1",
					"$(inherited)",
				);
				GCC_WARN_64_TO_32_BIT_CONVERSION = YES;
				GCC_WARN_ABOUT_RETURN_TYPE = YES_ERROR;
				GCC_WARN_UNDECLARED_SELECTOR = YES;
				GCC_WARN_UNINITIALIZED_AUTOS = YES_AGGRESSIVE;
				GCC_WARN_UNUSED_FUNCTION = YES;
				GCC_WARN_UNUSED_VARIABLE = YES;
				IPHONEOS_DEPLOYMENT_TARGET = 17.5;
				LOCALIZATION_PREFERS_STRING_CATALOGS = YES;
				MTL_ENABLE_DEBUG_INFO = INCLUDE_SOURCE;
				MTL_FAST_MATH = YES;
				ONLY_ACTIVE_ARCH = YES;
				SDKROOT = iphoneos;
				SWIFT_ACTIVE_COMPILATION_CONDITIONS = "DEBUG $(inherited)";
				SWIFT_OPTIMIZATION_LEVEL = "-Onone";
			};
			name = Debug;
		};
		831BFD6B2C6DF03D005533E7 /* Release */ = {
			isa = XCBuildConfiguration;
			buildSettings = {
				ALWAYS_SEARCH_USER_PATHS = NO;
				ASSETCATALOG_COMPILER_GENERATE_SWIFT_ASSET_SYMBOL_EXTENSIONS = YES;
				CLANG_ANALYZER_NONNULL = YES;
				CLANG_ANALYZER_NUMBER_OBJECT_CONVERSION = YES_AGGRESSIVE;
				CLANG_CXX_LANGUAGE_STANDARD = "gnu++20";
				CLANG_ENABLE_MODULES = YES;
				CLANG_ENABLE_OBJC_ARC = YES;
				CLANG_ENABLE_OBJC_WEAK = YES;
				CLANG_WARN_BLOCK_CAPTURE_AUTORELEASING = YES;
				CLANG_WARN_BOOL_CONVERSION = YES;
				CLANG_WARN_COMMA = YES;
				CLANG_WARN_CONSTANT_CONVERSION = YES;
				CLANG_WARN_DEPRECATED_OBJC_IMPLEMENTATIONS = YES;
				CLANG_WARN_DIRECT_OBJC_ISA_USAGE = YES_ERROR;
				CLANG_WARN_DOCUMENTATION_COMMENTS = YES;
				CLANG_WARN_EMPTY_BODY = YES;
				CLANG_WARN_ENUM_CONVERSION = YES;
				CLANG_WARN_INFINITE_RECURSION = YES;
				CLANG_WARN_INT_CONVERSION = YES;
				CLANG_WARN_NON_LITERAL_NULL_CONVERSION = YES;
				CLANG_WARN_OBJC_IMPLICIT_RETAIN_SELF = YES;
				CLANG_WARN_OBJC_LITERAL_CONVERSION = YES;
				CLANG_WARN_OBJC_ROOT_CLASS = YES_ERROR;
				CLANG_WARN_QUOTED_INCLUDE_IN_FRAMEWORK_HEADER = YES;
				CLANG_WARN_RANGE_LOOP_ANALYSIS = YES;
				CLANG_WARN_STRICT_PROTOTYPES = YES;
				CLANG_WARN_SUSPICIOUS_MOVE = YES;
				CLANG_WARN_UNGUARDED_AVAILABILITY = YES_AGGRESSIVE;
				CLANG_WARN_UNREACHABLE_CODE = YES;
				CLANG_WARN__DUPLICATE_METHOD_MATCH = YES;
				COPY_PHASE_STRIP = NO;
				DEBUG_INFORMATION_FORMAT = "dwarf-with-dsym";
				ENABLE_NS_ASSERTIONS = NO;
				ENABLE_STRICT_OBJC_MSGSEND = YES;
				ENABLE_USER_SCRIPT_SANDBOXING = YES;
				GCC_C_LANGUAGE_STANDARD = gnu17;
				GCC_NO_COMMON_BLOCKS = YES;
				GCC_WARN_64_TO_32_BIT_CONVERSION = YES;
				GCC_WARN_ABOUT_RETURN_TYPE = YES_ERROR;
				GCC_WARN_UNDECLARED_SELECTOR = YES;
				GCC_WARN_UNINITIALIZED_AUTOS = YES_AGGRESSIVE;
				GCC_WARN_UNUSED_FUNCTION = YES;
				GCC_WARN_UNUSED_VARIABLE = YES;
				IPHONEOS_DEPLOYMENT_TARGET = 17.5;
				LOCALIZATION_PREFERS_STRING_CATALOGS = YES;
				MTL_ENABLE_DEBUG_INFO = NO;
				MTL_FAST_MATH = YES;
				SDKROOT = iphoneos;
				SWIFT_COMPILATION_MODE = wholemodule;
				VALIDATE_PRODUCT = YES;
			};
			name = Release;
		};
		831BFD6D2C6DF03D005533E7 /* Debug */ = {
			isa = XCBuildConfiguration;
			buildSettings = {
				ASSETCATALOG_COMPILER_APPICON_NAME = AppIcon;
				ASSETCATALOG_COMPILER_GLOBAL_ACCENT_COLOR_NAME = AccentColor;
				CODE_SIGN_STYLE = Automatic;
				CURRENT_PROJECT_VERSION = 1;
				DEVELOPMENT_TEAM = 8P6A7W7NAS;
				GENERATE_INFOPLIST_FILE = YES;
				INFOPLIST_FILE = "Standard Form TableView/Info.plist";
				INFOPLIST_KEY_UIApplicationSupportsIndirectInputEvents = YES;
				INFOPLIST_KEY_UILaunchStoryboardName = LaunchScreen;
				INFOPLIST_KEY_UIMainStoryboardFile = Main;
				INFOPLIST_KEY_UISupportedInterfaceOrientations_iPad = "UIInterfaceOrientationPortrait UIInterfaceOrientationPortraitUpsideDown UIInterfaceOrientationLandscapeLeft UIInterfaceOrientationLandscapeRight";
				INFOPLIST_KEY_UISupportedInterfaceOrientations_iPhone = "UIInterfaceOrientationPortrait UIInterfaceOrientationLandscapeLeft UIInterfaceOrientationLandscapeRight";
				LD_RUNPATH_SEARCH_PATHS = (
					"$(inherited)",
					"@executable_path/Frameworks",
				);
				MARKETING_VERSION = 1.0;
				PRODUCT_BUNDLE_IDENTIFIER = "co.msy.Standard-Form-TableView";
				PRODUCT_NAME = "$(TARGET_NAME)";
				SWIFT_EMIT_LOC_STRINGS = YES;
				SWIFT_VERSION = 5.0;
				TARGETED_DEVICE_FAMILY = "1,2";
			};
			name = Debug;
		};
		831BFD6E2C6DF03D005533E7 /* Release */ = {
			isa = XCBuildConfiguration;
			buildSettings = {
				ASSETCATALOG_COMPILER_APPICON_NAME = AppIcon;
				ASSETCATALOG_COMPILER_GLOBAL_ACCENT_COLOR_NAME = AccentColor;
				CODE_SIGN_STYLE = Automatic;
				CURRENT_PROJECT_VERSION = 1;
				DEVELOPMENT_TEAM = 8P6A7W7NAS;
				GENERATE_INFOPLIST_FILE = YES;
				INFOPLIST_FILE = "Standard Form TableView/Info.plist";
				INFOPLIST_KEY_UIApplicationSupportsIndirectInputEvents = YES;
				INFOPLIST_KEY_UILaunchStoryboardName = LaunchScreen;
				INFOPLIST_KEY_UIMainStoryboardFile = Main;
				INFOPLIST_KEY_UISupportedInterfaceOrientations_iPad = "UIInterfaceOrientationPortrait UIInterfaceOrientationPortraitUpsideDown UIInterfaceOrientationLandscapeLeft UIInterfaceOrientationLandscapeRight";
				INFOPLIST_KEY_UISupportedInterfaceOrientations_iPhone = "UIInterfaceOrientationPortrait UIInterfaceOrientationLandscapeLeft UIInterfaceOrientationLandscapeRight";
				LD_RUNPATH_SEARCH_PATHS = (
					"$(inherited)",
					"@executable_path/Frameworks",
				);
				MARKETING_VERSION = 1.0;
				PRODUCT_BUNDLE_IDENTIFIER = "co.msy.Standard-Form-TableView";
				PRODUCT_NAME = "$(TARGET_NAME)";
				SWIFT_EMIT_LOC_STRINGS = YES;
				SWIFT_VERSION = 5.0;
				TARGETED_DEVICE_FAMILY = "1,2";
			};
			name = Release;
		};
/* End XCBuildConfiguration section */

/* Begin XCConfigurationList section */
		831BFD532C6DF03A005533E7 /* Build configuration list for PBXProject "Standard Form TableView" */ = {
			isa = XCConfigurationList;
			buildConfigurations = (
				831BFD6A2C6DF03D005533E7 /* Debug */,
				831BFD6B2C6DF03D005533E7 /* Release */,
			);
			defaultConfigurationIsVisible = 0;
			defaultConfigurationName = Release;
		};
		831BFD6C2C6DF03D005533E7 /* Build configuration list for PBXNativeTarget "Standard Form TableView" */ = {
			isa = XCConfigurationList;
			buildConfigurations = (
				831BFD6D2C6DF03D005533E7 /* Debug */,
				831BFD6E2C6DF03D005533E7 /* Release */,
			);
			defaultConfigurationIsVisible = 0;
			defaultConfigurationName = Release;
		};
/* End XCConfigurationList section */
	};
	rootObject = 831BFD502C6DF03A005533E7 /* Project object */;
}
