// !$*UTF8*$!
{
	archiveVersion = 1;
	classes = {
	};
	objectVersion = 56;
	objects = {

/* Begin PBXBuildFile section */
		8358D6322C709C79001D59FF /* AppDelegate.swift in Sources */ = {isa = PBXBuildFile; fileRef = 8358D6312C709C79001D59FF /* AppDelegate.swift */; };
		8358D6342C709C79001D59FF /* SceneDelegate.swift in Sources */ = {isa = PBXBuildFile; fileRef = 8358D6332C709C79001D59FF /* SceneDelegate.swift */; };
		8358D6392C709C79001D59FF /* Base in Resources */ = {isa = PBXBuildFile; fileRef = 8358D6382C709C79001D59FF /* Base */; };
		8358D63B2C709C7B001D59FF /* Assets.xcassets in Resources */ = {isa = PBXBuildFile; fileRef = 8358D63A2C709C7B001D59FF /* Assets.xcassets */; };
		8358D63E2C709C7B001D59FF /* Base in Resources */ = {isa = PBXBuildFile; fileRef = 8358D63D2C709C7B001D59FF /* Base */; };
		8358D64A2C709CDD001D59FF /* ContainerController.swift in Sources */ = {isa = PBXBuildFile; fileRef = 8358D6492C709CDD001D59FF /* ContainerController.swift */; };
		8358D64C2C709CF6001D59FF /* HomeController.swift in Sources */ = {isa = PBXBuildFile; fileRef = 8358D64B2C709CF6001D59FF /* HomeController.swift */; };
		8358D64E2C709D0B001D59FF /* MenuController.swift in Sources */ = {isa = PBXBuildFile; fileRef = 8358D64D2C709D0B001D59FF /* MenuController.swift */; };
		8358D6502C70A7BE001D59FF /* Protocols.swift in Sources */ = {isa = PBXBuildFile; fileRef = 8358D64F2C70A7BE001D59FF /* Protocols.swift */; };
		8358D6522C70ADEA001D59FF /* MenuOptionCell.swift in Sources */ = {isa = PBXBuildFile; fileRef = 8358D6512C70ADEA001D59FF /* MenuOptionCell.swift */; };
		836BA1E92C72037F00F5FD16 /* SettingController.swift in Sources */ = {isa = PBXBuildFile; fileRef = 836BA1E82C72037F00F5FD16 /* SettingController.swift */; };
		837100F22C71031100859D09 /* Menu Option.swift in Sources */ = {isa = PBXBuildFile; fileRef = 837100F12C71031100859D09 /* Menu Option.swift */; };
/* End PBXBuildFile section */

/* Begin PBXFileReference section */
		8358D62E2C709C79001D59FF /* Side Menu MVC Architecture.app */ = {isa = PBXFileReference; explicitFileType = wrapper.application; includeInIndex = 0; path = "Side Menu MVC Architecture.app"; sourceTree = BUILT_PRODUCTS_DIR; };
		8358D6312C709C79001D59FF /* AppDelegate.swift */ = {isa = PBXFileReference; lastKnownFileType = sourcecode.swift; path = AppDelegate.swift; sourceTree = "<group>"; };
		8358D6332C709C79001D59FF /* SceneDelegate.swift */ = {isa = PBXFileReference; lastKnownFileType = sourcecode.swift; path = SceneDelegate.swift; sourceTree = "<group>"; };
		8358D6382C709C79001D59FF /* Base */ = {isa = PBXFileReference; lastKnownFileType = file.storyboard; name = Base; path = Base.lproj/Main.storyboard; sourceTree = "<group>"; };
		8358D63A2C709C7B001D59FF /* Assets.xcassets */ = {isa = PBXFileReference; lastKnownFileType = folder.assetcatalog; path = Assets.xcassets; sourceTree = "<group>"; };
		8358D63D2C709C7B001D59FF /* Base */ = {isa = PBXFileReference; lastKnownFileType = file.storyboard; name = Base; path = Base.lproj/LaunchScreen.storyboard; sourceTree = "<group>"; };
		8358D63F2C709C7B001D59FF /* Info.plist */ = {isa = PBXFileReference; lastKnownFileType = text.plist.xml; path = Info.plist; sourceTree = "<group>"; };
		8358D6492C709CDD001D59FF /* ContainerController.swift */ = {isa = PBXFileReference; lastKnownFileType = sourcecode.swift; path = ContainerController.swift; sourceTree = "<group>"; };
		8358D64B2C709CF6001D59FF /* HomeController.swift */ = {isa = PBXFileReference; lastKnownFileType = sourcecode.swift; path = HomeController.swift; sourceTree = "<group>"; };
		8358D64D2C709D0B001D59FF /* MenuController.swift */ = {isa = PBXFileReference; lastKnownFileType = sourcecode.swift; path = MenuController.swift; sourceTree = "<group>"; };
		8358D64F2C70A7BE001D59FF /* Protocols.swift */ = {isa = PBXFileReference; lastKnownFileType = sourcecode.swift; path = Protocols.swift; sourceTree = "<group>"; };
		8358D6512C70ADEA001D59FF /* MenuOptionCell.swift */ = {isa = PBXFileReference; lastKnownFileType = sourcecode.swift; path = MenuOptionCell.swift; sourceTree = "<group>"; };
		836BA1E82C72037F00F5FD16 /* SettingController.swift */ = {isa = PBXFileReference; lastKnownFileType = sourcecode.swift; path = SettingController.swift; sourceTree = "<group>"; };
		837100F12C71031100859D09 /* Menu Option.swift */ = {isa = PBXFileReference; lastKnownFileType = sourcecode.swift; path = "Menu Option.swift"; sourceTree = "<group>"; };
/* End PBXFileReference section */

/* Begin PBXFrameworksBuildPhase section */
		8358D62B2C709C79001D59FF /* Frameworks */ = {
			isa = PBXFrameworksBuildPhase;
			buildActionMask = 2147483647;
			files = (
			);
			runOnlyForDeploymentPostprocessing = 0;
		};
/* End PBXFrameworksBuildPhase section */

/* Begin PBXGroup section */
		8358D6252C709C79001D59FF = {
			isa = PBXGroup;
			children = (
				8358D6302C709C79001D59FF /* Side Menu MVC Architecture */,
				8358D62F2C709C79001D59FF /* Products */,
			);
			sourceTree = "<group>";
		};
		8358D62F2C709C79001D59FF /* Products */ = {
			isa = PBXGroup;
			children = (
				8358D62E2C709C79001D59FF /* Side Menu MVC Architecture.app */,
			);
			name = Products;
			sourceTree = "<group>";
		};
		8358D6302C709C79001D59FF /* Side Menu MVC Architecture */ = {
			isa = PBXGroup;
			children = (
				8358D6452C709C99001D59FF /* Utils */,
				8358D6462C709CA3001D59FF /* Models */,
				8358D6472C709CB2001D59FF /* Views */,
				8358D6482C709CB7001D59FF /* Controllers */,
				8358D6312C709C79001D59FF /* AppDelegate.swift */,
				8358D6332C709C79001D59FF /* SceneDelegate.swift */,
				8358D6372C709C79001D59FF /* Main.storyboard */,
				8358D63A2C709C7B001D59FF /* Assets.xcassets */,
				8358D63C2C709C7B001D59FF /* LaunchScreen.storyboard */,
				8358D63F2C709C7B001D59FF /* Info.plist */,
			);
			path = "Side Menu MVC Architecture";
			sourceTree = "<group>";
		};
		8358D6452C709C99001D59FF /* Utils */ = {
			isa = PBXGroup;
			children = (
				8358D64F2C70A7BE001D59FF /* Protocols.swift */,
			);
			path = Utils;
			sourceTree = "<group>";
		};
		8358D6462C709CA3001D59FF /* Models */ = {
			isa = PBXGroup;
			children = (
				837100F12C71031100859D09 /* Menu Option.swift */,
			);
			path = Models;
			sourceTree = "<group>";
		};
		8358D6472C709CB2001D59FF /* Views */ = {
			isa = PBXGroup;
			children = (
				8358D6512C70ADEA001D59FF /* MenuOptionCell.swift */,
			);
			path = Views;
			sourceTree = "<group>";
		};
		8358D6482C709CB7001D59FF /* Controllers */ = {
			isa = PBXGroup;
			children = (
				8358D6492C709CDD001D59FF /* ContainerController.swift */,
				8358D64B2C709CF6001D59FF /* HomeController.swift */,
				8358D64D2C709D0B001D59FF /* MenuController.swift */,
				836BA1E82C72037F00F5FD16 /* SettingController.swift */,
			);
			path = Controllers;
			sourceTree = "<group>";
		};
/* End PBXGroup section */

/* Begin PBXNativeTarget section */
		8358D62D2C709C79001D59FF /* Side Menu MVC Architecture */ = {
			isa = PBXNativeTarget;
			buildConfigurationList = 8358D6422C709C7B001D59FF /* Build configuration list for PBXNativeTarget "Side Menu MVC Architecture" */;
			buildPhases = (
				8358D62A2C709C79001D59FF /* Sources */,
				8358D62B2C709C79001D59FF /* Frameworks */,
				8358D62C2C709C79001D59FF /* Resources */,
			);
			buildRules = (
			);
			dependencies = (
			);
			name = "Side Menu MVC Architecture";
			productName = "Side Menu MVC Architecture";
			productReference = 8358D62E2C709C79001D59FF /* Side Menu MVC Architecture.app */;
			productType = "com.apple.product-type.application";
		};
/* End PBXNativeTarget section */

/* Begin PBXProject section */
		8358D6262C709C79001D59FF /* Project object */ = {
			isa = PBXProject;
			attributes = {
				BuildIndependentTargetsInParallel = 1;
				LastSwiftUpdateCheck = 1540;
				LastUpgradeCheck = 1540;
				TargetAttributes = {
					8358D62D2C709C79001D59FF = {
						CreatedOnToolsVersion = 15.4;
					};
				};
			};
			buildConfigurationList = 8358D6292C709C79001D59FF /* Build configuration list for PBXProject "Side Menu MVC Architecture" */;
			compatibilityVersion = "Xcode 14.0";
			developmentRegion = en;
			hasScannedForEncodings = 0;
			knownRegions = (
				en,
				Base,
			);
			mainGroup = 8358D6252C709C79001D59FF;
			productRefGroup = 8358D62F2C709C79001D59FF /* Products */;
			projectDirPath = "";
			projectRoot = "";
			targets = (
				8358D62D2C709C79001D59FF /* Side Menu MVC Architecture */,
			);
		};
/* End PBXProject section */

/* Begin PBXResourcesBuildPhase section */
		8358D62C2C709C79001D59FF /* Resources */ = {
			isa = PBXResourcesBuildPhase;
			buildActionMask = 2147483647;
			files = (
				8358D63B2C709C7B001D59FF /* Assets.xcassets in Resources */,
				8358D63E2C709C7B001D59FF /* Base in Resources */,
				8358D6392C709C79001D59FF /* Base in Resources */,
			);
			runOnlyForDeploymentPostprocessing = 0;
		};
/* End PBXResourcesBuildPhase section */

/* Begin PBXSourcesBuildPhase section */
		8358D62A2C709C79001D59FF /* Sources */ = {
			isa = PBXSourcesBuildPhase;
			buildActionMask = 2147483647;
			files = (
				836BA1E92C72037F00F5FD16 /* SettingController.swift in Sources */,
				8358D6522C70ADEA001D59FF /* MenuOptionCell.swift in Sources */,
				8358D64E2C709D0B001D59FF /* MenuController.swift in Sources */,
				837100F22C71031100859D09 /* Menu Option.swift in Sources */,
				8358D6322C709C79001D59FF /* AppDelegate.swift in Sources */,
				8358D6342C709C79001D59FF /* SceneDelegate.swift in Sources */,
				8358D6502C70A7BE001D59FF /* Protocols.swift in Sources */,
				8358D64A2C709CDD001D59FF /* ContainerController.swift in Sources */,
				8358D64C2C709CF6001D59FF /* HomeController.swift in Sources */,
			);
			runOnlyForDeploymentPostprocessing = 0;
		};
/* End PBXSourcesBuildPhase section */

/* Begin PBXVariantGroup section */
		8358D6372C709C79001D59FF /* Main.storyboard */ = {
			isa = PBXVariantGroup;
			children = (
				8358D6382C709C79001D59FF /* Base */,
			);
			name = Main.storyboard;
			sourceTree = "<group>";
		};
		8358D63C2C709C7B001D59FF /* LaunchScreen.storyboard */ = {
			isa = PBXVariantGroup;
			children = (
				8358D63D2C709C7B001D59FF /* Base */,
			);
			name = LaunchScreen.storyboard;
			sourceTree = "<group>";
		};
/* End PBXVariantGroup section */

/* Begin XCBuildConfiguration section */
		8358D6402C709C7B001D59FF /* Debug */ = {
			isa = XCBuildConfiguration;
			buildSettings = {
				ALWAYS_SEARCH_USER_PATHS = NO;
				ASSETCATALOG_COMPILER_GENERATE_SWIFT_ASSET_SYMBOL_EXTENSIONS = YES;
				CLANG_ANALYZER_NONNULL = YES;
				CLANG_ANALYZER_NUMBER_OBJECT_CONVERSION = YES_AGGRESSIVE;
				CLANG_CXX_LANGUAGE_STANDARD = "gnu++20";
				CLANG_ENABLE_MODULES = YES;
				CLANG_ENABLE_OBJC_ARC = YES;
				CLANG_ENABLE_OBJC_WEAK = YES;
				CLANG_WARN_BLOCK_CAPTURE_AUTORELEASING = YES;
				CLANG_WARN_BOOL_CONVERSION = YES;
				CLANG_WARN_COMMA = YES;
				CLANG_WARN_CONSTANT_CONVERSION = YES;
				CLANG_WARN_DEPRECATED_OBJC_IMPLEMENTATIONS = YES;
				CLANG_WARN_DIRECT_OBJC_ISA_USAGE = YES_ERROR;
				CLANG_WARN_DOCUMENTATION_COMMENTS = YES;
				CLANG_WARN_EMPTY_BODY = YES;
				CLANG_WARN_ENUM_CONVERSION = YES;
				CLANG_WARN_INFINITE_RECURSION = YES;
				CLANG_WARN_INT_CONVERSION = YES;
				CLANG_WARN_NON_LITERAL_NULL_CONVERSION = YES;
				CLANG_WARN_OBJC_IMPLICIT_RETAIN_SELF = YES;
				CLANG_WARN_OBJC_LITERAL_CONVERSION = YES;
				CLANG_WARN_OBJC_ROOT_CLASS = YES_ERROR;
				CLANG_WARN_QUOTED_INCLUDE_IN_FRAMEWORK_HEADER = YES;
				CLANG_WARN_RANGE_LOOP_ANALYSIS = YES;
				CLANG_WARN_STRICT_PROTOTYPES = YES;
				CLANG_WARN_SUSPICIOUS_MOVE = YES;
				CLANG_WARN_UNGUARDED_AVAILABILITY = YES_AGGRESSIVE;
				CLANG_WARN_UNREACHABLE_CODE = YES;
				CLANG_WARN__DUPLICATE_METHOD_MATCH = YES;
				COPY_PHASE_STRIP = NO;
				DEBUG_INFORMATION_FORMAT = dwarf;
				ENABLE_STRICT_OBJC_MSGSEND = YES;
				ENABLE_TESTABILITY = YES;
				ENABLE_USER_SCRIPT_SANDBOXING = YES;
				GCC_C_LANGUAGE_STANDARD = gnu17;
				GCC_DYNAMIC_NO_PIC = NO;
				GCC_NO_COMMON_BLOCKS = YES;
				GCC_OPTIMIZATION_LEVEL = 0;
				GCC_PREPROCESSOR_DEFINITIONS = (
					"DEBUG=1",
					"$(inherited)",
				);
				GCC_WARN_64_TO_32_BIT_CONVERSION = YES;
				GCC_WARN_ABOUT_RETURN_TYPE = YES_ERROR;
				GCC_WARN_UNDECLARED_SELECTOR = YES;
				GCC_WARN_UNINITIALIZED_AUTOS = YES_AGGRESSIVE;
				GCC_WARN_UNUSED_FUNCTION = YES;
				GCC_WARN_UNUSED_VARIABLE = YES;
				IPHONEOS_DEPLOYMENT_TARGET = 15.0;
				LOCALIZATION_PREFERS_STRING_CATALOGS = YES;
				MTL_ENABLE_DEBUG_INFO = INCLUDE_SOURCE;
				MTL_FAST_MATH = YES;
				ONLY_ACTIVE_ARCH = YES;
				SDKROOT = iphoneos;
				SWIFT_ACTIVE_COMPILATION_CONDITIONS = "DEBUG $(inherited)";
				SWIFT_OPTIMIZATION_LEVEL = "-Onone";
			};
			name = Debug;
		};
		8358D6412C709C7B001D59FF /* Release */ = {
			isa = XCBuildConfiguration;
			buildSettings = {
				ALWAYS_SEARCH_USER_PATHS = NO;
				ASSETCATALOG_COMPILER_GENERATE_SWIFT_ASSET_SYMBOL_EXTENSIONS = YES;
				CLANG_ANALYZER_NONNULL = YES;
				CLANG_ANALYZER_NUMBER_OBJECT_CONVERSION = YES_AGGRESSIVE;
				CLANG_CXX_LANGUAGE_STANDARD = "gnu++20";
				CLANG_ENABLE_MODULES = YES;
				CLANG_ENABLE_OBJC_ARC = YES;
				CLANG_ENABLE_OBJC_WEAK = YES;
				CLANG_WARN_BLOCK_CAPTURE_AUTORELEASING = YES;
				CLANG_WARN_BOOL_CONVERSION = YES;
				CLANG_WARN_COMMA = YES;
				CLANG_WARN_CONSTANT_CONVERSION = YES;
				CLANG_WARN_DEPRECATED_OBJC_IMPLEMENTATIONS = YES;
				CLANG_WARN_DIRECT_OBJC_ISA_USAGE = YES_ERROR;
				CLANG_WARN_DOCUMENTATION_COMMENTS = YES;
				CLANG_WARN_EMPTY_BODY = YES;
				CLANG_WARN_ENUM_CONVERSION = YES;
				CLANG_WARN_INFINITE_RECURSION = YES;
				CLANG_WARN_INT_CONVERSION = YES;
				CLANG_WARN_NON_LITERAL_NULL_CONVERSION = YES;
				CLANG_WARN_OBJC_IMPLICIT_RETAIN_SELF = YES;
				CLANG_WARN_OBJC_LITERAL_CONVERSION = YES;
				CLANG_WARN_OBJC_ROOT_CLASS = YES_ERROR;
				CLANG_WARN_QUOTED_INCLUDE_IN_FRAMEWORK_HEADER = YES;
				CLANG_WARN_RANGE_LOOP_ANALYSIS = YES;
				CLANG_WARN_STRICT_PROTOTYPES = YES;
				CLANG_WARN_SUSPICIOUS_MOVE = YES;
				CLANG_WARN_UNGUARDED_AVAILABILITY = YES_AGGRESSIVE;
				CLANG_WARN_UNREACHABLE_CODE = YES;
				CLANG_WARN__DUPLICATE_METHOD_MATCH = YES;
				COPY_PHASE_STRIP = NO;
				DEBUG_INFORMATION_FORMAT = "dwarf-with-dsym";
				ENABLE_NS_ASSERTIONS = NO;
				ENABLE_STRICT_OBJC_MSGSEND = YES;
				ENABLE_USER_SCRIPT_SANDBOXING = YES;
				GCC_C_LANGUAGE_STANDARD = gnu17;
				GCC_NO_COMMON_BLOCKS = YES;
				GCC_WARN_64_TO_32_BIT_CONVERSION = YES;
				GCC_WARN_ABOUT_RETURN_TYPE = YES_ERROR;
				GCC_WARN_UNDECLARED_SELECTOR = YES;
				GCC_WARN_UNINITIALIZED_AUTOS = YES_AGGRESSIVE;
				GCC_WARN_UNUSED_FUNCTION = YES;
				GCC_WARN_UNUSED_VARIABLE = YES;
				IPHONEOS_DEPLOYMENT_TARGET = 15.0;
				LOCALIZATION_PREFERS_STRING_CATALOGS = YES;
				MTL_ENABLE_DEBUG_INFO = NO;
				MTL_FAST_MATH = YES;
				SDKROOT = iphoneos;
				SWIFT_COMPILATION_MODE = wholemodule;
				VALIDATE_PRODUCT = YES;
			};
			name = Release;
		};
		8358D6432C709C7B001D59FF /* Debug */ = {
			isa = XCBuildConfiguration;
			buildSettings = {
				ASSETCATALOG_COMPILER_APPICON_NAME = AppIcon;
				ASSETCATALOG_COMPILER_GLOBAL_ACCENT_COLOR_NAME = AccentColor;
				CODE_SIGN_STYLE = Automatic;
				CURRENT_PROJECT_VERSION = 1;
				DEVELOPMENT_TEAM = 8P6A7W7NAS;
				GENERATE_INFOPLIST_FILE = YES;
				INFOPLIST_FILE = "Side Menu MVC Architecture/Info.plist";
				INFOPLIST_KEY_UIApplicationSupportsIndirectInputEvents = YES;
				INFOPLIST_KEY_UILaunchStoryboardName = LaunchScreen;
				INFOPLIST_KEY_UIMainStoryboardFile = Main;
				INFOPLIST_KEY_UISupportedInterfaceOrientations_iPad = "UIInterfaceOrientationPortrait UIInterfaceOrientationPortraitUpsideDown UIInterfaceOrientationLandscapeLeft UIInterfaceOrientationLandscapeRight";
				INFOPLIST_KEY_UISupportedInterfaceOrientations_iPhone = "UIInterfaceOrientationPortrait UIInterfaceOrientationLandscapeLeft UIInterfaceOrientationLandscapeRight";
				IPHONEOS_DEPLOYMENT_TARGET = 15.0;
				LD_RUNPATH_SEARCH_PATHS = (
					"$(inherited)",
					"@executable_path/Frameworks",
				);
				MARKETING_VERSION = 1.0;
				PRODUCT_BUNDLE_IDENTIFIER = "co.msy.Side-Menu-MVC-Architecture";
				PRODUCT_NAME = "$(TARGET_NAME)";
				SWIFT_EMIT_LOC_STRINGS = YES;
				SWIFT_VERSION = 5.0;
				TARGETED_DEVICE_FAMILY = "1,2";
			};
			name = Debug;
		};
		8358D6442C709C7B001D59FF /* Release */ = {
			isa = XCBuildConfiguration;
			buildSettings = {
				ASSETCATALOG_COMPILER_APPICON_NAME = AppIcon;
				ASSETCATALOG_COMPILER_GLOBAL_ACCENT_COLOR_NAME = AccentColor;
				CODE_SIGN_STYLE = Automatic;
				CURRENT_PROJECT_VERSION = 1;
				DEVELOPMENT_TEAM = 8P6A7W7NAS;
				GENERATE_INFOPLIST_FILE = YES;
				INFOPLIST_FILE = "Side Menu MVC Architecture/Info.plist";
				INFOPLIST_KEY_UIApplicationSupportsIndirectInputEvents = YES;
				INFOPLIST_KEY_UILaunchStoryboardName = LaunchScreen;
				INFOPLIST_KEY_UIMainStoryboardFile = Main;
				INFOPLIST_KEY_UISupportedInterfaceOrientations_iPad = "UIInterfaceOrientationPortrait UIInterfaceOrientationPortraitUpsideDown UIInterfaceOrientationLandscapeLeft UIInterfaceOrientationLandscapeRight";
				INFOPLIST_KEY_UISupportedInterfaceOrientations_iPhone = "UIInterfaceOrientationPortrait UIInterfaceOrientationLandscapeLeft UIInterfaceOrientationLandscapeRight";
				IPHONEOS_DEPLOYMENT_TARGET = 15.0;
				LD_RUNPATH_SEARCH_PATHS = (
					"$(inherited)",
					"@executable_path/Frameworks",
				);
				MARKETING_VERSION = 1.0;
				PRODUCT_BUNDLE_IDENTIFIER = "co.msy.Side-Menu-MVC-Architecture";
				PRODUCT_NAME = "$(TARGET_NAME)";
				SWIFT_EMIT_LOC_STRINGS = YES;
				SWIFT_VERSION = 5.0;
				TARGETED_DEVICE_FAMILY = "1,2";
			};
			name = Release;
		};
/* End XCBuildConfiguration section */

/* Begin XCConfigurationList section */
		8358D6292C709C79001D59FF /* Build configuration list for PBXProject "Side Menu MVC Architecture" */ = {
			isa = XCConfigurationList;
			buildConfigurations = (
				8358D6402C709C7B001D59FF /* Debug */,
				8358D6412C709C7B001D59FF /* Release */,
			);
			defaultConfigurationIsVisible = 0;
			defaultConfigurationName = Release;
		};
		8358D6422C709C7B001D59FF /* Build configuration list for PBXNativeTarget "Side Menu MVC Architecture" */ = {
			isa = XCConfigurationList;
			buildConfigurations = (
				8358D6432C709C7B001D59FF /* Debug */,
				8358D6442C709C7B001D59FF /* Release */,
			);
			defaultConfigurationIsVisible = 0;
			defaultConfigurationName = Release;
		};
/* End XCConfigurationList section */
	};
	rootObject = 8358D6262C709C79001D59FF /* Project object */;
}
